// !$*UTF8*$!
{
	archiveVersion = 1;
	classes = {
	};
	objectVersion = 50;
	objects = {

/* Begin PBXBuildFile section */
		662FB45325D06DDB00A95810 /* image8.png in Resources */ = {isa = PBXBuildFile; fileRef = 662FB44925D06DDB00A95810 /* image8.png */; };
		662FB45425D06DDB00A95810 /* image9.png in Resources */ = {isa = PBXBuildFile; fileRef = 662FB44A25D06DDB00A95810 /* image9.png */; };
		662FB45525D06DDB00A95810 /* image7.png in Resources */ = {isa = PBXBuildFile; fileRef = 662FB44B25D06DDB00A95810 /* image7.png */; };
		662FB45625D06DDB00A95810 /* image6.png in Resources */ = {isa = PBXBuildFile; fileRef = 662FB44C25D06DDB00A95810 /* image6.png */; };
		662FB45725D06DDB00A95810 /* image4.png in Resources */ = {isa = PBXBuildFile; fileRef = 662FB44D25D06DDB00A95810 /* image4.png */; };
		662FB45825D06DDB00A95810 /* image5.png in Resources */ = {isa = PBXBuildFile; fileRef = 662FB44E25D06DDB00A95810 /* image5.png */; };
		662FB45925D06DDB00A95810 /* image1.png in Resources */ = {isa = PBXBuildFile; fileRef = 662FB44F25D06DDB00A95810 /* image1.png */; };
		662FB45A25D06DDB00A95810 /* image0.png in Resources */ = {isa = PBXBuildFile; fileRef = 662FB45025D06DDB00A95810 /* image0.png */; };
		662FB45B25D06DDB00A95810 /* image2.png in Resources */ = {isa = PBXBuildFile; fileRef = 662FB45125D06DDB00A95810 /* image2.png */; };
		662FB45C25D06DDB00A95810 /* image3.png in Resources */ = {isa = PBXBuildFile; fileRef = 662FB45225D06DDB00A95810 /* image3.png */; };
		66403FB725C7062100BE5D26 /* AppDelegate.swift in Sources */ = {isa = PBXBuildFile; fileRef = 66403FB625C7062100BE5D26 /* AppDelegate.swift */; };
		66403FB925C7062100BE5D26 /* SceneDelegate.swift in Sources */ = {isa = PBXBuildFile; fileRef = 66403FB825C7062100BE5D26 /* SceneDelegate.swift */; };
		66403FBB25C7062100BE5D26 /* ViewController.swift in Sources */ = {isa = PBXBuildFile; fileRef = 66403FBA25C7062100BE5D26 /* ViewController.swift */; };
		66403FBE25C7062100BE5D26 /* Main.storyboard in Resources */ = {isa = PBXBuildFile; fileRef = 66403FBC25C7062100BE5D26 /* Main.storyboard */; };
		66403FC025C7062200BE5D26 /* Assets.xcassets in Resources */ = {isa = PBXBuildFile; fileRef = 66403FBF25C7062200BE5D26 /* Assets.xcassets */; };
		66403FC325C7062200BE5D26 /* LaunchScreen.storyboard in Resources */ = {isa = PBXBuildFile; fileRef = 66403FC125C7062200BE5D26 /* LaunchScreen.storyboard */; };
/* End PBXBuildFile section */

/* Begin PBXFileReference section */
		662FB44925D06DDB00A95810 /* image8.png */ = {isa = PBXFileReference; lastKnownFileType = image.png; path = image8.png; sourceTree = "<group>"; };
		662FB44A25D06DDB00A95810 /* image9.png */ = {isa = PBXFileReference; lastKnownFileType = image.png; path = image9.png; sourceTree = "<group>"; };
		662FB44B25D06DDB00A95810 /* image7.png */ = {isa = PBXFileReference; lastKnownFileType = image.png; path = image7.png; sourceTree = "<group>"; };
		662FB44C25D06DDB00A95810 /* image6.png */ = {isa = PBXFileReference; lastKnownFileType = image.png; path = image6.png; sourceTree = "<group>"; };
		662FB44D25D06DDB00A95810 /* image4.png */ = {isa = PBXFileReference; lastKnownFileType = image.png; path = image4.png; sourceTree = "<group>"; };
		662FB44E25D06DDB00A95810 /* image5.png */ = {isa = PBXFileReference; lastKnownFileType = image.png; path = image5.png; sourceTree = "<group>"; };
		662FB44F25D06DDB00A95810 /* image1.png */ = {isa = PBXFileReference; lastKnownFileType = image.png; path = image1.png; sourceTree = "<group>"; };
		662FB45025D06DDB00A95810 /* image0.png */ = {isa = PBXFileReference; lastKnownFileType = image.png; path = image0.png; sourceTree = "<group>"; };
		662FB45125D06DDB00A95810 /* image2.png */ = {isa = PBXFileReference; lastKnownFileType = image.png; path = image2.png; sourceTree = "<group>"; };
		662FB45225D06DDB00A95810 /* image3.png */ = {isa = PBXFileReference; lastKnownFileType = image.png; path = image3.png; sourceTree = "<group>"; };
		66403FB325C7062100BE5D26 /* You Are Awesome.app */ = {isa = PBXFileReference; explicitFileType = wrapper.application; includeInIndex = 0; path = "You Are Awesome.app"; sourceTree = BUILT_PRODUCTS_DIR; };
		66403FB625C7062100BE5D26 /* AppDelegate.swift */ = {isa = PBXFileReference; lastKnownFileType = sourcecode.swift; path = AppDelegate.swift; sourceTree = "<group>"; };
		66403FB825C7062100BE5D26 /* SceneDelegate.swift */ = {isa = PBXFileReference; lastKnownFileType = sourcecode.swift; path = SceneDelegate.swift; sourceTree = "<group>"; };
		66403FBA25C7062100BE5D26 /* ViewController.swift */ = {isa = PBXFileReference; lastKnownFileType = sourcecode.swift; path = ViewController.swift; sourceTree = "<group>"; };
		66403FBD25C7062100BE5D26 /* Base */ = {isa = PBXFileReference; lastKnownFileType = file.storyboard; name = Base; path = Base.lproj/Main.storyboard; sourceTree = "<group>"; };
		66403FBF25C7062200BE5D26 /* Assets.xcassets */ = {isa = PBXFileReference; lastKnownFileType = folder.assetcatalog; path = Assets.xcassets; sourceTree = "<group>"; };
		66403FC225C7062200BE5D26 /* Base */ = {isa = PBXFileReference; lastKnownFileType = file.storyboard; name = Base; path = Base.lproj/LaunchScreen.storyboard; sourceTree = "<group>"; };
		66403FC425C7062200BE5D26 /* Info.plist */ = {isa = PBXFileReference; lastKnownFileType = text.plist.xml; path = Info.plist; sourceTree = "<group>"; };
/* End PBXFileReference section */

/* Begin PBXFrameworksBuildPhase section */
		66403FB025C7062100BE5D26 /* Frameworks */ = {
			isa = PBXFrameworksBuildPhase;
			buildActionMask = 2147483647;
			files = (
			);
			runOnlyForDeploymentPostprocessing = 0;
		};
/* End PBXFrameworksBuildPhase section */

/* Begin PBXGroup section */
		662FB44825D06DDB00A95810 /* drive-download-20210207T184748Z-001 */ = {
			isa = PBXGroup;
			children = (
				662FB44925D06DDB00A95810 /* image8.png */,
				662FB44A25D06DDB00A95810 /* image9.png */,
				662FB44B25D06DDB00A95810 /* image7.png */,
				662FB44C25D06DDB00A95810 /* image6.png */,
				662FB44D25D06DDB00A95810 /* image4.png */,
				662FB44E25D06DDB00A95810 /* image5.png */,
				662FB44F25D06DDB00A95810 /* image1.png */,
				662FB45025D06DDB00A95810 /* image0.png */,
				662FB45125D06DDB00A95810 /* image2.png */,
				662FB45225D06DDB00A95810 /* image3.png */,
			);
			name = "drive-download-20210207T184748Z-001";
			path = "../../../Downloads/drive-download-20210207T184748Z-001";
			sourceTree = "<group>";
		};
		66403FAA25C7062100BE5D26 = {
			isa = PBXGroup;
			children = (
				66403FB525C7062100BE5D26 /* You Are Awesome */,
				66403FB425C7062100BE5D26 /* Products */,
			);
			sourceTree = "<group>";
		};
		66403FB425C7062100BE5D26 /* Products */ = {
			isa = PBXGroup;
			children = (
				66403FB325C7062100BE5D26 /* You Are Awesome.app */,
			);
			name = Products;
			sourceTree = "<group>";
		};
		66403FB525C7062100BE5D26 /* You Are Awesome */ = {
			isa = PBXGroup;
			children = (
				662FB44825D06DDB00A95810 /* drive-download-20210207T184748Z-001 */,
				66403FB625C7062100BE5D26 /* AppDelegate.swift */,
				66403FB825C7062100BE5D26 /* SceneDelegate.swift */,
				66403FBA25C7062100BE5D26 /* ViewController.swift */,
				66403FBC25C7062100BE5D26 /* Main.storyboard */,
				66403FBF25C7062200BE5D26 /* Assets.xcassets */,
				66403FC125C7062200BE5D26 /* LaunchScreen.storyboard */,
				66403FC425C7062200BE5D26 /* Info.plist */,
			);
			path = "You Are Awesome";
			sourceTree = "<group>";
		};
/* End PBXGroup section */

/* Begin PBXNativeTarget section */
		66403FB225C7062100BE5D26 /* You Are Awesome */ = {
			isa = PBXNativeTarget;
			buildConfigurationList = 66403FC725C7062200BE5D26 /* Build configuration list for PBXNativeTarget "You Are Awesome" */;
			buildPhases = (
				66403FAF25C7062100BE5D26 /* Sources */,
				66403FB025C7062100BE5D26 /* Frameworks */,
				66403FB125C7062100BE5D26 /* Resources */,
			);
			buildRules = (
			);
			dependencies = (
			);
			name = "You Are Awesome";
			productName = "You Are Awesome";
			productReference = 66403FB325C7062100BE5D26 /* You Are Awesome.app */;
			productType = "com.apple.product-type.application";
		};
/* End PBXNativeTarget section */

/* Begin PBXProject section */
		66403FAB25C7062100BE5D26 /* Project object */ = {
			isa = PBXProject;
			attributes = {
				LastSwiftUpdateCheck = 1230;
				LastUpgradeCheck = 1230;
				TargetAttributes = {
					66403FB225C7062100BE5D26 = {
						CreatedOnToolsVersion = 12.3;
					};
				};
			};
			buildConfigurationList = 66403FAE25C7062100BE5D26 /* Build configuration list for PBXProject "You Are Awesome" */;
			compatibilityVersion = "Xcode 9.3";
			developmentRegion = en;
			hasScannedForEncodings = 0;
			knownRegions = (
				en,
				Base,
			);
			mainGroup = 66403FAA25C7062100BE5D26;
			productRefGroup = 66403FB425C7062100BE5D26 /* Products */;
			projectDirPath = "";
			projectRoot = "";
			targets = (
				66403FB225C7062100BE5D26 /* You Are Awesome */,
			);
		};
/* End PBXProject section */

/* Begin PBXResourcesBuildPhase section */
		66403FB125C7062100BE5D26 /* Resources */ = {
			isa = PBXResourcesBuildPhase;
			buildActionMask = 2147483647;
			files = (
				662FB45325D06DDB00A95810 /* image8.png in Resources */,
				662FB45925D06DDB00A95810 /* image1.png in Resources */,
				662FB45B25D06DDB00A95810 /* image2.png in Resources */,
				662FB45425D06DDB00A95810 /* image9.png in Resources */,
				662FB45625D06DDB00A95810 /* image6.png in Resources */,
				66403FC325C7062200BE5D26 /* LaunchScreen.storyboard in Resources */,
				662FB45725D06DDB00A95810 /* image4.png in Resources */,
				662FB45825D06DDB00A95810 /* image5.png in Resources */,
				662FB45525D06DDB00A95810 /* image7.png in Resources */,
				66403FC025C7062200BE5D26 /* Assets.xcassets in Resources */,
				662FB45C25D06DDB00A95810 /* image3.png in Resources */,
				66403FBE25C7062100BE5D26 /* Main.storyboard in Resources */,
				662FB45A25D06DDB00A95810 /* image0.png in Resources */,
			);
			runOnlyForDeploymentPostprocessing = 0;
		};
/* End PBXResourcesBuildPhase section */

/* Begin PBXSourcesBuildPhase section */
		66403FAF25C7062100BE5D26 /* Sources */ = {
			isa = PBXSourcesBuildPhase;
			buildActionMask = 2147483647;
			files = (
				66403FBB25C7062100BE5D26 /* ViewController.swift in Sources */,
				66403FB725C7062100BE5D26 /* AppDelegate.swift in Sources */,
				66403FB925C7062100BE5D26 /* SceneDelegate.swift in Sources */,
			);
			runOnlyForDeploymentPostprocessing = 0;
		};
/* End PBXSourcesBuildPhase section */

/* Begin PBXVariantGroup section */
		66403FBC25C7062100BE5D26 /* Main.storyboard */ = {
			isa = PBXVariantGroup;
			children = (
				66403FBD25C7062100BE5D26 /* Base */,
			);
			name = Main.storyboard;
			sourceTree = "<group>";
		};
		66403FC125C7062200BE5D26 /* LaunchScreen.storyboard */ = {
			isa = PBXVariantGroup;
			children = (
				66403FC225C7062200BE5D26 /* Base */,
			);
			name = LaunchScreen.storyboard;
			sourceTree = "<group>";
		};
/* End PBXVariantGroup section */

/* Begin XCBuildConfiguration section */
		66403FC525C7062200BE5D26 /* Debug */ = {
			isa = XCBuildConfiguration;
			buildSettings = {
				ALWAYS_SEARCH_USER_PATHS = NO;
				CLANG_ANALYZER_NONNULL = YES;
				CLANG_ANALYZER_NUMBER_OBJECT_CONVERSION = YES_AGGRESSIVE;
				CLANG_CXX_LANGUAGE_STANDARD = "gnu++14";
				CLANG_CXX_LIBRARY = "libc++";
				CLANG_ENABLE_MODULES = YES;
				CLANG_ENABLE_OBJC_ARC = YES;
				CLANG_ENABLE_OBJC_WEAK = YES;
				CLANG_WARN_BLOCK_CAPTURE_AUTORELEASING = YES;
				CLANG_WARN_BOOL_CONVERSION = YES;
				CLANG_WARN_COMMA = YES;
				CLANG_WARN_CONSTANT_CONVERSION = YES;
				CLANG_WARN_DEPRECATED_OBJC_IMPLEMENTATIONS = YES;
				CLANG_WARN_DIRECT_OBJC_ISA_USAGE = YES_ERROR;
				CLANG_WARN_DOCUMENTATION_COMMENTS = YES;
				CLANG_WARN_EMPTY_BODY = YES;
				CLANG_WARN_ENUM_CONVERSION = YES;
				CLANG_WARN_INFINITE_RECURSION = YES;
				CLANG_WARN_INT_CONVERSION = YES;
				CLANG_WARN_NON_LITERAL_NULL_CONVERSION = YES;
				CLANG_WARN_OBJC_IMPLICIT_RETAIN_SELF = YES;
				CLANG_WARN_OBJC_LITERAL_CONVERSION = YES;
				CLANG_WARN_OBJC_ROOT_CLASS = YES_ERROR;
				CLANG_WARN_QUOTED_INCLUDE_IN_FRAMEWORK_HEADER = YES;
				CLANG_WARN_RANGE_LOOP_ANALYSIS = YES;
				CLANG_WARN_STRICT_PROTOTYPES = YES;
				CLANG_WARN_SUSPICIOUS_MOVE = YES;
				CLANG_WARN_UNGUARDED_AVAILABILITY = YES_AGGRESSIVE;
				CLANG_WARN_UNREACHABLE_CODE = YES;
				CLANG_WARN__DUPLICATE_METHOD_MATCH = YES;
				COPY_PHASE_STRIP = NO;
				DEBUG_INFORMATION_FORMAT = dwarf;
				ENABLE_STRICT_OBJC_MSGSEND = YES;
				ENABLE_TESTABILITY = YES;
				GCC_C_LANGUAGE_STANDARD = gnu11;
				GCC_DYNAMIC_NO_PIC = NO;
				GCC_NO_COMMON_BLOCKS = YES;
				GCC_OPTIMIZATION_LEVEL = 0;
				GCC_PREPROCESSOR_DEFINITIONS = (
					"DEBUG=1",
					"$(inherited)",
				);
				GCC_WARN_64_TO_32_BIT_CONVERSION = YES;
				GCC_WARN_ABOUT_RETURN_TYPE = YES_ERROR;
				GCC_WARN_UNDECLARED_SELECTOR = YES;
				GCC_WARN_UNINITIALIZED_AUTOS = YES_AGGRESSIVE;
				GCC_WARN_UNUSED_FUNCTION = YES;
				GCC_WARN_UNUSED_VARIABLE = YES;
				IPHONEOS_DEPLOYMENT_TARGET = 14.3;
				MTL_ENABLE_DEBUG_INFO = INCLUDE_SOURCE;
				MTL_FAST_MATH = YES;
				ONLY_ACTIVE_ARCH = YES;
				SDKROOT = iphoneos;
				SWIFT_ACTIVE_COMPILATION_CONDITIONS = DEBUG;
				SWIFT_OPTIMIZATION_LEVEL = "-Onone";
			};
			name = Debug;
		};
		66403FC625C7062200BE5D26 /* Release */ = {
			isa = XCBuildConfiguration;
			buildSettings = {
				ALWAYS_SEARCH_USER_PATHS = NO;
				CLANG_ANALYZER_NONNULL = YES;
				CLANG_ANALYZER_NUMBER_OBJECT_CONVERSION = YES_AGGRESSIVE;
				CLANG_CXX_LANGUAGE_STANDARD = "gnu++14";
				CLANG_CXX_LIBRARY = "libc++";
				CLANG_ENABLE_MODULES = YES;
				CLANG_ENABLE_OBJC_ARC = YES;
				CLANG_ENABLE_OBJC_WEAK = YES;
				CLANG_WARN_BLOCK_CAPTURE_AUTORELEASING = YES;
				CLANG_WARN_BOOL_CONVERSION = YES;
				CLANG_WARN_COMMA = YES;
				CLANG_WARN_CONSTANT_CONVERSION = YES;
				CLANG_WARN_DEPRECATED_OBJC_IMPLEMENTATIONS = YES;
				CLANG_WARN_DIRECT_OBJC_ISA_USAGE = YES_ERROR;
				CLANG_WARN_DOCUMENTATION_COMMENTS = YES;
				CLANG_WARN_EMPTY_BODY = YES;
				CLANG_WARN_ENUM_CONVERSION = YES;
				CLANG_WARN_INFINITE_RECURSION = YES;
				CLANG_WARN_INT_CONVERSION = YES;
				CLANG_WARN_NON_LITERAL_NULL_CONVERSION = YES;
				CLANG_WARN_OBJC_IMPLICIT_RETAIN_SELF = YES;
				CLANG_WARN_OBJC_LITERAL_CONVERSION = YES;
				CLANG_WARN_OBJC_ROOT_CLASS = YES_ERROR;
				CLANG_WARN_QUOTED_INCLUDE_IN_FRAMEWORK_HEADER = YES;
				CLANG_WARN_RANGE_LOOP_ANALYSIS = YES;
				CLANG_WARN_STRICT_PROTOTYPES = YES;
				CLANG_WARN_SUSPICIOUS_MOVE = YES;
				CLANG_WARN_UNGUARDED_AVAILABILITY = YES_AGGRESSIVE;
				CLANG_WARN_UNREACHABLE_CODE = YES;
				CLANG_WARN__DUPLICATE_METHOD_MATCH = YES;
				COPY_PHASE_STRIP = NO;
				DEBUG_INFORMATION_FORMAT = "dwarf-with-dsym";
				ENABLE_NS_ASSERTIONS = NO;
				ENABLE_STRICT_OBJC_MSGSEND = YES;
				GCC_C_LANGUAGE_STANDARD = gnu11;
				GCC_NO_COMMON_BLOCKS = YES;
				GCC_WARN_64_TO_32_BIT_CONVERSION = YES;
				GCC_WARN_ABOUT_RETURN_TYPE = YES_ERROR;
				GCC_WARN_UNDECLARED_SELECTOR = YES;
				GCC_WARN_UNINITIALIZED_AUTOS = YES_AGGRESSIVE;
				GCC_WARN_UNUSED_FUNCTION = YES;
				GCC_WARN_UNUSED_VARIABLE = YES;
				IPHONEOS_DEPLOYMENT_TARGET = 14.3;
				MTL_ENABLE_DEBUG_INFO = NO;
				MTL_FAST_MATH = YES;
				SDKROOT = iphoneos;
				SWIFT_COMPILATION_MODE = wholemodule;
				SWIFT_OPTIMIZATION_LEVEL = "-O";
				VALIDATE_PRODUCT = YES;
			};
			name = Release;
		};
		66403FC825C7062200BE5D26 /* Debug */ = {
			isa = XCBuildConfiguration;
			buildSettings = {
				ASSETCATALOG_COMPILER_APPICON_NAME = AppIcon;
				ASSETCATALOG_COMPILER_GLOBAL_ACCENT_COLOR_NAME = AccentColor;
				CODE_SIGN_STYLE = Automatic;
				DEVELOPMENT_TEAM = 4TCG992Z4H;
				INFOPLIST_FILE = "You Are Awesome/Info.plist";
				LD_RUNPATH_SEARCH_PATHS = (
					"$(inherited)",
					"@executable_path/Frameworks",
				);
				PRODUCT_BUNDLE_IDENTIFIER = "com.li.You-Are-Awesome";
				PRODUCT_NAME = "$(TARGET_NAME)";
				SWIFT_VERSION = 5.0;
				TARGETED_DEVICE_FAMILY = "1,2";
			};
			name = Debug;
		};
		66403FC925C7062200BE5D26 /* Release */ = {
			isa = XCBuildConfiguration;
			buildSettings = {
				ASSETCATALOG_COMPILER_APPICON_NAME = AppIcon;
				ASSETCATALOG_COMPILER_GLOBAL_ACCENT_COLOR_NAME = AccentColor;
				CODE_SIGN_STYLE = Automatic;
				DEVELOPMENT_TEAM = 4TCG992Z4H;
				INFOPLIST_FILE = "You Are Awesome/Info.plist";
				LD_RUNPATH_SEARCH_PATHS = (
					"$(inherited)",
					"@executable_path/Frameworks",
				);
				PRODUCT_BUNDLE_IDENTIFIER = "com.li.You-Are-Awesome";
				PRODUCT_NAME = "$(TARGET_NAME)";
				SWIFT_VERSION = 5.0;
				TARGETED_DEVICE_FAMILY = "1,2";
			};
			name = Release;
		};
/* End XCBuildConfiguration section */

/* Begin XCConfigurationList section */
		66403FAE25C7062100BE5D26 /* Build configuration list for PBXProject "You Are Awesome" */ = {
			isa = XCConfigurationList;
			buildConfigurations = (
				66403FC525C7062200BE5D26 /* Debug */,
				66403FC625C7062200BE5D26 /* Release */,
			);
			defaultConfigurationIsVisible = 0;
			defaultConfigurationName = Release;
		};
		66403FC725C7062200BE5D26 /* Build configuration list for PBXNativeTarget "You Are Awesome" */ = {
			isa = XCConfigurationList;
			buildConfigurations = (
				66403FC825C7062200BE5D26 /* Debug */,
				66403FC925C7062200BE5D26 /* Release */,
			);
			defaultConfigurationIsVisible = 0;
			defaultConfigurationName = Release;
		};
/* End XCConfigurationList section */
	};
	rootObject = 66403FAB25C7062100BE5D26 /* Project object */;
}
